// !$*UTF8*$!
{
	archiveVersion = 1;
	classes = {
	};
	objectVersion = 46;
	objects = {

/* Begin PBXBuildFile section */
		814A28391FA7BBF900485E6D /* timeline.c in Sources */ = {isa = PBXBuildFile; fileRef = 814A28381FA7BBF900485E6D /* timeline.c */; };
		814CE57F1FA89DDD000F883B /* edit.c in Sources */ = {isa = PBXBuildFile; fileRef = 814CE57E1FA89DDD000F883B /* edit.c */; };
		814CE5821FA89E6F000F883B /* memory.c in Sources */ = {isa = PBXBuildFile; fileRef = 814CE5811FA89E6F000F883B /* memory.c */; };
		81AD45631F91A11600D8FAA6 /* main.c in Sources */ = {isa = PBXBuildFile; fileRef = 81AD45621F91A11600D8FAA6 /* main.c */; };
		81AD456B1F91A12E00D8FAA6 /* operacoes.c in Sources */ = {isa = PBXBuildFile; fileRef = 81AD456A1F91A12E00D8FAA6 /* operacoes.c */; };
/* End PBXBuildFile section */

/* Begin PBXCopyFilesBuildPhase section */
		81AD455D1F91A11600D8FAA6 /* CopyFiles */ = {
			isa = PBXCopyFilesBuildPhase;
			buildActionMask = 2147483647;
			dstPath = /usr/share/man/man1/;
			dstSubfolderSpec = 0;
			files = (
			);
			runOnlyForDeploymentPostprocessing = 1;
		};
/* End PBXCopyFilesBuildPhase section */

/* Begin PBXFileReference section */
		814A28371FA7BBF900485E6D /* timeline.h */ = {isa = PBXFileReference; lastKnownFileType = sourcecode.c.h; path = timeline.h; sourceTree = "<group>"; };
		814A28381FA7BBF900485E6D /* timeline.c */ = {isa = PBXFileReference; lastKnownFileType = sourcecode.c.c; path = timeline.c; sourceTree = "<group>"; };
		814CE57D1FA89DDD000F883B /* edit.h */ = {isa = PBXFileReference; lastKnownFileType = sourcecode.c.h; path = edit.h; sourceTree = "<group>"; };
		814CE57E1FA89DDD000F883B /* edit.c */ = {isa = PBXFileReference; lastKnownFileType = sourcecode.c.c; path = edit.c; sourceTree = "<group>"; };
		814CE5801FA89E6F000F883B /* memory.h */ = {isa = PBXFileReference; lastKnownFileType = sourcecode.c.h; path = memory.h; sourceTree = "<group>"; };
		814CE5811FA89E6F000F883B /* memory.c */ = {isa = PBXFileReference; lastKnownFileType = sourcecode.c.c; path = memory.c; sourceTree = "<group>"; };
		81AD455F1F91A11600D8FAA6 /* Project Matrix */ = {isa = PBXFileReference; explicitFileType = "compiled.mach-o.executable"; includeInIndex = 0; path = "Project Matrix"; sourceTree = BUILT_PRODUCTS_DIR; };
		81AD45621F91A11600D8FAA6 /* main.c */ = {isa = PBXFileReference; lastKnownFileType = sourcecode.c.c; path = main.c; sourceTree = "<group>"; };
		81AD45691F91A12E00D8FAA6 /* operacoes.h */ = {isa = PBXFileReference; fileEncoding = 4; lastKnownFileType = sourcecode.c.h; path = operacoes.h; sourceTree = "<group>"; };
		81AD456A1F91A12E00D8FAA6 /* operacoes.c */ = {isa = PBXFileReference; fileEncoding = 4; lastKnownFileType = sourcecode.c.c; path = operacoes.c; sourceTree = "<group>"; };
/* End PBXFileReference section */

/* Begin PBXFrameworksBuildPhase section */
		81AD455C1F91A11600D8FAA6 /* Frameworks */ = {
			isa = PBXFrameworksBuildPhase;
			buildActionMask = 2147483647;
			files = (
			);
			runOnlyForDeploymentPostprocessing = 0;
		};
/* End PBXFrameworksBuildPhase section */

/* Begin PBXGroup section */
		814CE5831FA89FD7000F883B /* funcoes */ = {
			isa = PBXGroup;
			children = (
				814A28381FA7BBF900485E6D /* timeline.c */,
				814CE57E1FA89DDD000F883B /* edit.c */,
				81AD456A1F91A12E00D8FAA6 /* operacoes.c */,
				814CE5811FA89E6F000F883B /* memory.c */,
			);
			path = funcoes;
			sourceTree = "<group>";
		};
		8166128E1FA7C7BC007B614A /* headers */ = {
			isa = PBXGroup;
			children = (
				814A28371FA7BBF900485E6D /* timeline.h */,
				81AD45691F91A12E00D8FAA6 /* operacoes.h */,
				814CE57D1FA89DDD000F883B /* edit.h */,
				814CE5801FA89E6F000F883B /* memory.h */,
			);
			path = headers;
			sourceTree = "<group>";
		};
		81AD45561F91A11600D8FAA6 = {
			isa = PBXGroup;
			children = (
				81AD45611F91A11600D8FAA6 /* Project Matrix */,
				81AD45601F91A11600D8FAA6 /* Products */,
			);
			sourceTree = "<group>";
		};
		81AD45601F91A11600D8FAA6 /* Products */ = {
			isa = PBXGroup;
			children = (
				81AD455F1F91A11600D8FAA6 /* Project Matrix */,
			);
			name = Products;
			sourceTree = "<group>";
		};
		81AD45611F91A11600D8FAA6 /* Project Matrix */ = {
			isa = PBXGroup;
			children = (
				81AD45621F91A11600D8FAA6 /* main.c */,
				8166128E1FA7C7BC007B614A /* headers */,
				814CE5831FA89FD7000F883B /* funcoes */,
			);
			path = "Project Matrix";
			sourceTree = "<group>";
		};
/* End PBXGroup section */

/* Begin PBXNativeTarget section */
		81AD455E1F91A11600D8FAA6 /* Project Matrix */ = {
			isa = PBXNativeTarget;
			buildConfigurationList = 81AD45661F91A11600D8FAA6 /* Build configuration list for PBXNativeTarget "Project Matrix" */;
			buildPhases = (
				81AD455B1F91A11600D8FAA6 /* Sources */,
				81AD455C1F91A11600D8FAA6 /* Frameworks */,
				81AD455D1F91A11600D8FAA6 /* CopyFiles */,
			);
			buildRules = (
			);
			dependencies = (
			);
			name = "Project Matrix";
			productName = "Project Matrix";
			productReference = 81AD455F1F91A11600D8FAA6 /* Project Matrix */;
			productType = "com.apple.product-type.tool";
		};
/* End PBXNativeTarget section */

/* Begin PBXProject section */
		81AD45571F91A11600D8FAA6 /* Project object */ = {
			isa = PBXProject;
			attributes = {
				LastUpgradeCheck = 0830;
				ORGANIZATIONNAME = "Felipe Alexandre de Barros Pinto";
				TargetAttributes = {
					81AD455E1F91A11600D8FAA6 = {
						CreatedOnToolsVersion = 8.3.3;
						ProvisioningStyle = Automatic;
					};
				};
			};
			buildConfigurationList = 81AD455A1F91A11600D8FAA6 /* Build configuration list for PBXProject "Project Matrix" */;
			compatibilityVersion = "Xcode 3.2";
			developmentRegion = English;
			hasScannedForEncodings = 0;
			knownRegions = (
				en,
			);
			mainGroup = 81AD45561F91A11600D8FAA6;
			productRefGroup = 81AD45601F91A11600D8FAA6 /* Products */;
			projectDirPath = "";
			projectRoot = "";
			targets = (
				81AD455E1F91A11600D8FAA6 /* Project Matrix */,
			);
		};
/* End PBXProject section */

/* Begin PBXSourcesBuildPhase section */
		81AD455B1F91A11600D8FAA6 /* Sources */ = {
			isa = PBXSourcesBuildPhase;
			buildActionMask = 2147483647;
			files = (
				81AD45631F91A11600D8FAA6 /* main.c in Sources */,
				814CE57F1FA89DDD000F883B /* edit.c in Sources */,
				814CE5821FA89E6F000F883B /* memory.c in Sources */,
				814A28391FA7BBF900485E6D /* timeline.c in Sources */,
				81AD456B1F91A12E00D8FAA6 /* operacoes.c in Sources */,
			);
			runOnlyForDeploymentPostprocessing = 0;
		};
/* End PBXSourcesBuildPhase section */

/* Begin XCBuildConfiguration section */
		81AD45641F91A11600D8FAA6 /* Debug */ = {
			isa = XCBuildConfiguration;
			buildSettings = {
				ALWAYS_SEARCH_USER_PATHS = NO;
				CLANG_ANALYZER_NONNULL = YES;
				CLANG_ANALYZER_NUMBER_OBJECT_CONVERSION = YES_AGGRESSIVE;
				CLANG_CXX_LANGUAGE_STANDARD = "gnu++0x";
				CLANG_CXX_LIBRARY = "libc++";
				CLANG_ENABLE_MODULES = YES;
				CLANG_ENABLE_OBJC_ARC = YES;
				CLANG_WARN_BOOL_CONVERSION = YES;
				CLANG_WARN_CONSTANT_CONVERSION = YES;
				CLANG_WARN_DIRECT_OBJC_ISA_USAGE = YES_ERROR;
				CLANG_WARN_DOCUMENTATION_COMMENTS = YES;
				CLANG_WARN_EMPTY_BODY = YES;
				CLANG_WARN_ENUM_CONVERSION = YES;
				CLANG_WARN_INFINITE_RECURSION = YES;
				CLANG_WARN_INT_CONVERSION = YES;
				CLANG_WARN_OBJC_ROOT_CLASS = YES_ERROR;
				CLANG_WARN_SUSPICIOUS_MOVE = YES;
				CLANG_WARN_UNREACHABLE_CODE = YES;
				CLANG_WARN__DUPLICATE_METHOD_MATCH = YES;
				CODE_SIGN_IDENTITY = "-";
				COPY_PHASE_STRIP = NO;
				DEBUG_INFORMATION_FORMAT = dwarf;
				ENABLE_STRICT_OBJC_MSGSEND = YES;
				ENABLE_TESTABILITY = YES;
				GCC_C_LANGUAGE_STANDARD = gnu99;
				GCC_DYNAMIC_NO_PIC = NO;
				GCC_NO_COMMON_BLOCKS = YES;
				GCC_OPTIMIZATION_LEVEL = 0;
				GCC_PREPROCESSOR_DEFINITIONS = (
					"DEBUG=1",
					"$(inherited)",
				);
				GCC_WARN_64_TO_32_BIT_CONVERSION = YES;
				GCC_WARN_ABOUT_RETURN_TYPE = YES_ERROR;
				GCC_WARN_UNDECLARED_SELECTOR = YES;
				GCC_WARN_UNINITIALIZED_AUTOS = YES_AGGRESSIVE;
				GCC_WARN_UNUSED_FUNCTION = YES;
				GCC_WARN_UNUSED_VARIABLE = YES;
				MACOSX_DEPLOYMENT_TARGET = 10.13;
				MTL_ENABLE_DEBUG_INFO = YES;
				ONLY_ACTIVE_ARCH = YES;
				SDKROOT = macosx;
			};
			name = Debug;
		};
		81AD45651F91A11600D8FAA6 /* Release */ = {
			isa = XCBuildConfiguration;
			buildSettings = {
				ALWAYS_SEARCH_USER_PATHS = NO;
				CLANG_ANALYZER_NONNULL = YES;
				CLANG_ANALYZER_NUMBER_OBJECT_CONVERSION = YES_AGGRESSIVE;
				CLANG_CXX_LANGUAGE_STANDARD = "gnu++0x";
				CLANG_CXX_LIBRARY = "libc++";
				CLANG_ENABLE_MODULES = YES;
				CLANG_ENABLE_OBJC_ARC = YES;
				CLANG_WARN_BOOL_CONVERSION = YES;
				CLANG_WARN_CONSTANT_CONVERSION = YES;
				CLANG_WARN_DIRECT_OBJC_ISA_USAGE = YES_ERROR;
				CLANG_WARN_DOCUMENTATION_COMMENTS = YES;
				CLANG_WARN_EMPTY_BODY = YES;
				CLANG_WARN_ENUM_CONVERSION = YES;
				CLANG_WARN_INFINITE_RECURSION = YES;
				CLANG_WARN_INT_CONVERSION = YES;
				CLANG_WARN_OBJC_ROOT_CLASS = YES_ERROR;
				CLANG_WARN_SUSPICIOUS_MOVE = YES;
				CLANG_WARN_UNREACHABLE_CODE = YES;
				CLANG_WARN__DUPLICATE_METHOD_MATCH = YES;
				CODE_SIGN_IDENTITY = "-";
				COPY_PHASE_STRIP = NO;
				DEBUG_INFORMATION_FORMAT = "dwarf-with-dsym";
				ENABLE_NS_ASSERTIONS = NO;
				ENABLE_STRICT_OBJC_MSGSEND = YES;
				GCC_C_LANGUAGE_STANDARD = gnu99;
				GCC_NO_COMMON_BLOCKS = YES;
				GCC_WARN_64_TO_32_BIT_CONVERSION = YES;
				GCC_WARN_ABOUT_RETURN_TYPE = YES_ERROR;
				GCC_WARN_UNDECLARED_SELECTOR = YES;
				GCC_WARN_UNINITIALIZED_AUTOS = YES_AGGRESSIVE;
				GCC_WARN_UNUSED_FUNCTION = YES;
				GCC_WARN_UNUSED_VARIABLE = YES;
				MACOSX_DEPLOYMENT_TARGET = 10.13;
				MTL_ENABLE_DEBUG_INFO = NO;
				SDKROOT = macosx;
			};
			name = Release;
		};
		81AD45671F91A11600D8FAA6 /* Debug */ = {
			isa = XCBuildConfiguration;
			buildSettings = {
				INSTALL_PATH = "/Users/felipepinto/Documents/Engenharia\\ Eletrica/A\\&L\\ Prog/FelipePint0.github.io/Project-Matrix/Project\\ Matrix/Product/debug/";
				PRODUCT_NAME = "$(TARGET_NAME)";
			};
			name = Debug;
		};
		81AD45681F91A11600D8FAA6 /* Release */ = {
			isa = XCBuildConfiguration;
			buildSettings = {
				INSTALL_PATH = "/Users/felipepinto/Documents/Engenharia\\ Eletrica/A\\&L\\ Prog/FelipePint0.github.io/Project-Matrix/Project\\ Matrix/Product/debug/";
				PRODUCT_NAME = "$(TARGET_NAME)";
			};
			name = Release;
		};
/* End XCBuildConfiguration section */

/* Begin XCConfigurationList section */
		81AD455A1F91A11600D8FAA6 /* Build configuration list for PBXProject "Project Matrix" */ = {
			isa = XCConfigurationList;
			buildConfigurations = (
				81AD45641F91A11600D8FAA6 /* Debug */,
				81AD45651F91A11600D8FAA6 /* Release */,
			);
			defaultConfigurationIsVisible = 0;
			defaultConfigurationName = Release;
		};
		81AD45661F91A11600D8FAA6 /* Build configuration list for PBXNativeTarget "Project Matrix" */ = {
			isa = XCConfigurationList;
			buildConfigurations = (
				81AD45671F91A11600D8FAA6 /* Debug */,
				81AD45681F91A11600D8FAA6 /* Release */,
			);
			defaultConfigurationIsVisible = 0;
			defaultConfigurationName = Release;
		};
/* End XCConfigurationList section */
	};
	rootObject = 81AD45571F91A11600D8FAA6 /* Project object */;
}
